
Microsoft Visual Studio Solution File, Format Version 12.00
# Visual Studio Version 17
VisualStudioVersion = 17.11.35312.102
MinimumVisualStudioVersion = 10.0.40219.1
Project("{FAE04EC0-301F-11D3-BF4B-00C04F79EFBC}") = "GerenciamentoAPI", "GerenciamentoAPI\GerenciamentoAPI.csproj", "{BD88FF4D-5BB2-42BE-A90A-E0E3A099E55A}"
EndProject
Global
	GlobalSection(SolutionConfigurationPlatforms) = preSolution
		Debug|Any CPU = Debug|Any CPU
		Release|Any CPU = Release|Any CPU
	EndGlobalSection
	GlobalSection(ProjectConfigurationPlatforms) = postSolution
		{BD88FF4D-5BB2-42BE-A90A-E0E3A099E55A}.Debug|Any CPU.ActiveCfg = Debug|Any CPU
		{BD88FF4D-5BB2-42BE-A90A-E0E3A099E55A}.Debug|Any CPU.Build.0 = Debug|Any CPU
		{BD88FF4D-5BB2-42BE-A90A-E0E3A099E55A}.Release|Any CPU.ActiveCfg = Release|Any CPU
		{BD88FF4D-5BB2-42BE-A90A-E0E3A099E55A}.Release|Any CPU.Build.0 = Release|Any CPU
	EndGlobalSection
	GlobalSection(SolutionProperties) = preSolution
		HideSolutionNode = FALSE
	EndGlobalSection
	GlobalSection(ExtensibilityGlobals) = postSolution
		SolutionGuid = {06A8EEAD-715F-47BC-B39A-6A7405D682FC}
	EndGlobalSection
EndGlobal
